
Microsoft Visual Studio Solution File, Format Version 12.00
# Visual Studio Version 16
VisualStudioVersion = 16.0.810.16
MinimumVisualStudioVersion = 10.0.40219.1
Project("{FAE04EC0-301F-11D3-BF4B-00C04F79EFBC}") = "ContactsMessageUI.Android", "ContactsMessageUI.Android\ContactsMessageUI.Android.csproj", "{1F91353C-D155-4EB0-AA55-E59FA84F81A0}"
EndProject
Project("{FAE04EC0-301F-11D3-BF4B-00C04F79EFBC}") = "ContactsMessageUI.iOS", "ContactsMessageUI.iOS\ContactsMessageUI.iOS.csproj", "{2CD19136-9C85-410E-BC7B-16606E2C41E7}"
EndProject
Project("{FAE04EC0-301F-11D3-BF4B-00C04F79EFBC}") = "ContactsMessageUI", "ContactsMessageUI\ContactsMessageUI.csproj", "{4E0A0B4A-D566-4915-9F01-A454C9A68647}"
EndProject
Global
	GlobalSection(SolutionConfigurationPlatforms) = preSolution
		Debug|Any CPU = Debug|Any CPU
		Release|Any CPU = Release|Any CPU
		Debug|iPhoneSimulator = Debug|iPhoneSimulator
		Release|iPhoneSimulator = Release|iPhoneSimulator
		Debug|iPhone = Debug|iPhone
		Release|iPhone = Release|iPhone
	EndGlobalSection
	GlobalSection(ProjectConfigurationPlatforms) = postSolution
		{1F91353C-D155-4EB0-AA55-E59FA84F81A0}.Debug|Any CPU.ActiveCfg = Debug|Any CPU
		{1F91353C-D155-4EB0-AA55-E59FA84F81A0}.Debug|Any CPU.Build.0 = Debug|Any CPU
		{1F91353C-D155-4EB0-AA55-E59FA84F81A0}.Release|Any CPU.ActiveCfg = Release|Any CPU
		{1F91353C-D155-4EB0-AA55-E59FA84F81A0}.Release|Any CPU.Build.0 = Release|Any CPU
		{1F91353C-D155-4EB0-AA55-E59FA84F81A0}.Debug|iPhoneSimulator.ActiveCfg = Debug|Any CPU
		{1F91353C-D155-4EB0-AA55-E59FA84F81A0}.Debug|iPhoneSimulator.Build.0 = Debug|Any CPU
		{1F91353C-D155-4EB0-AA55-E59FA84F81A0}.Release|iPhoneSimulator.ActiveCfg = Release|Any CPU
		{1F91353C-D155-4EB0-AA55-E59FA84F81A0}.Release|iPhoneSimulator.Build.0 = Release|Any CPU
		{1F91353C-D155-4EB0-AA55-E59FA84F81A0}.Debug|iPhone.ActiveCfg = Debug|Any CPU
		{1F91353C-D155-4EB0-AA55-E59FA84F81A0}.Debug|iPhone.Build.0 = Debug|Any CPU
		{1F91353C-D155-4EB0-AA55-E59FA84F81A0}.Release|iPhone.ActiveCfg = Release|Any CPU
		{1F91353C-D155-4EB0-AA55-E59FA84F81A0}.Release|iPhone.Build.0 = Release|Any CPU
		{2CD19136-9C85-410E-BC7B-16606E2C41E7}.Debug|Any CPU.ActiveCfg = Debug|iPhoneSimulator
		{2CD19136-9C85-410E-BC7B-16606E2C41E7}.Debug|Any CPU.Build.0 = Debug|iPhoneSimulator
		{2CD19136-9C85-410E-BC7B-16606E2C41E7}.Release|Any CPU.ActiveCfg = Release|iPhoneSimulator
		{2CD19136-9C85-410E-BC7B-16606E2C41E7}.Release|Any CPU.Build.0 = Release|iPhoneSimulator
		{2CD19136-9C85-410E-BC7B-16606E2C41E7}.Debug|iPhoneSimulator.ActiveCfg = Debug|iPhoneSimulator
		{2CD19136-9C85-410E-BC7B-16606E2C41E7}.Debug|iPhoneSimulator.Build.0 = Debug|iPhoneSimulator
		{2CD19136-9C85-410E-BC7B-16606E2C41E7}.Release|iPhoneSimulator.ActiveCfg = Release|iPhoneSimulator
		{2CD19136-9C85-410E-BC7B-16606E2C41E7}.Release|iPhoneSimulator.Build.0 = Release|iPhoneSimulator
		{2CD19136-9C85-410E-BC7B-16606E2C41E7}.Debug|iPhone.ActiveCfg = Debug|iPhone
		{2CD19136-9C85-410E-BC7B-16606E2C41E7}.Debug|iPhone.Build.0 = Debug|iPhone
		{2CD19136-9C85-410E-BC7B-16606E2C41E7}.Release|iPhone.ActiveCfg = Release|iPhone
		{2CD19136-9C85-410E-BC7B-16606E2C41E7}.Release|iPhone.Build.0 = Release|iPhone
		{4E0A0B4A-D566-4915-9F01-A454C9A68647}.Debug|Any CPU.ActiveCfg = Debug|Any CPU
		{4E0A0B4A-D566-4915-9F01-A454C9A68647}.Debug|Any CPU.Build.0 = Debug|Any CPU
		{4E0A0B4A-D566-4915-9F01-A454C9A68647}.Release|Any CPU.ActiveCfg = Release|Any CPU
		{4E0A0B4A-D566-4915-9F01-A454C9A68647}.Release|Any CPU.Build.0 = Release|Any CPU
		{4E0A0B4A-D566-4915-9F01-A454C9A68647}.Debug|iPhoneSimulator.ActiveCfg = Debug|Any CPU
		{4E0A0B4A-D566-4915-9F01-A454C9A68647}.Debug|iPhoneSimulator.Build.0 = Debug|Any CPU
		{4E0A0B4A-D566-4915-9F01-A454C9A68647}.Release|iPhoneSimulator.ActiveCfg = Release|Any CPU
		{4E0A0B4A-D566-4915-9F01-A454C9A68647}.Release|iPhoneSimulator.Build.0 = Release|Any CPU
		{4E0A0B4A-D566-4915-9F01-A454C9A68647}.Debug|iPhone.ActiveCfg = Debug|Any CPU
		{4E0A0B4A-D566-4915-9F01-A454C9A68647}.Debug|iPhone.Build.0 = Debug|Any CPU
		{4E0A0B4A-D566-4915-9F01-A454C9A68647}.Release|iPhone.ActiveCfg = Release|Any CPU
		{4E0A0B4A-D566-4915-9F01-A454C9A68647}.Release|iPhone.Build.0 = Release|Any CPU
	EndGlobalSection
	GlobalSection(SolutionProperties) = preSolution
		HideSolutionNode = FALSE
	EndGlobalSection
	GlobalSection(ExtensibilityGlobals) = postSolution
		SolutionGuid = {A3030C73-2673-4E7A-BCD9-1F324EEED671}
	EndGlobalSection
EndGlobal
